
Microsoft Visual Studio Solution File, Format Version 12.00
# Visual Studio 15
VisualStudioVersion = 15.0.26124.0
MinimumVisualStudioVersion = 15.0.26124.0
Project("{FAE04EC0-301F-11D3-BF4B-00C04F79EFBC}") = "WorkplaceMetrics", "src\WorkplaceMetrics.csproj", "{1192EAD6-AFD0-4E0E-BA23-6D5167A831EB}"
EndProject
Project("{FAE04EC0-301F-11D3-BF4B-00C04F79EFBC}") = "WorkplaceMetrics.Dependencies", "dependencies\WorkplaceMetrics.Dependencies.csproj", "{DD728CC0-40FF-4134-B524-DBAB3835AEE0}"
EndProject
Project("{FAE04EC0-301F-11D3-BF4B-00C04F79EFBC}") = "WorkplaceMetrics.Tests", "test\WorkplaceMetrics.Tests.csproj", "{60B504E0-9C93-4AF2-A75E-82AF07BCE98D}"
EndProject
Global
	GlobalSection(SolutionConfigurationPlatforms) = preSolution
		Debug|Any CPU = Debug|Any CPU
		Debug|x64 = Debug|x64
		Debug|x86 = Debug|x86
		Release|Any CPU = Release|Any CPU
		Release|x64 = Release|x64
		Release|x86 = Release|x86
	EndGlobalSection
	GlobalSection(SolutionProperties) = preSolution
		HideSolutionNode = FALSE
	EndGlobalSection
	GlobalSection(ProjectConfigurationPlatforms) = postSolution
		{1192EAD6-AFD0-4E0E-BA23-6D5167A831EB}.Debug|Any CPU.ActiveCfg = Debug|Any CPU
		{1192EAD6-AFD0-4E0E-BA23-6D5167A831EB}.Debug|Any CPU.Build.0 = Debug|Any CPU
		{1192EAD6-AFD0-4E0E-BA23-6D5167A831EB}.Debug|x64.ActiveCfg = Debug|Any CPU
		{1192EAD6-AFD0-4E0E-BA23-6D5167A831EB}.Debug|x64.Build.0 = Debug|Any CPU
		{1192EAD6-AFD0-4E0E-BA23-6D5167A831EB}.Debug|x86.ActiveCfg = Debug|Any CPU
		{1192EAD6-AFD0-4E0E-BA23-6D5167A831EB}.Debug|x86.Build.0 = Debug|Any CPU
		{1192EAD6-AFD0-4E0E-BA23-6D5167A831EB}.Release|Any CPU.ActiveCfg = Release|Any CPU
		{1192EAD6-AFD0-4E0E-BA23-6D5167A831EB}.Release|Any CPU.Build.0 = Release|Any CPU
		{1192EAD6-AFD0-4E0E-BA23-6D5167A831EB}.Release|x64.ActiveCfg = Release|Any CPU
		{1192EAD6-AFD0-4E0E-BA23-6D5167A831EB}.Release|x64.Build.0 = Release|Any CPU
		{1192EAD6-AFD0-4E0E-BA23-6D5167A831EB}.Release|x86.ActiveCfg = Release|Any CPU
		{1192EAD6-AFD0-4E0E-BA23-6D5167A831EB}.Release|x86.Build.0 = Release|Any CPU
		{DD728CC0-40FF-4134-B524-DBAB3835AEE0}.Debug|Any CPU.ActiveCfg = Debug|Any CPU
		{DD728CC0-40FF-4134-B524-DBAB3835AEE0}.Debug|Any CPU.Build.0 = Debug|Any CPU
		{DD728CC0-40FF-4134-B524-DBAB3835AEE0}.Debug|x64.ActiveCfg = Debug|Any CPU
		{DD728CC0-40FF-4134-B524-DBAB3835AEE0}.Debug|x64.Build.0 = Debug|Any CPU
		{DD728CC0-40FF-4134-B524-DBAB3835AEE0}.Debug|x86.ActiveCfg = Debug|Any CPU
		{DD728CC0-40FF-4134-B524-DBAB3835AEE0}.Debug|x86.Build.0 = Debug|Any CPU
		{DD728CC0-40FF-4134-B524-DBAB3835AEE0}.Release|Any CPU.ActiveCfg = Release|Any CPU
		{DD728CC0-40FF-4134-B524-DBAB3835AEE0}.Release|Any CPU.Build.0 = Release|Any CPU
		{DD728CC0-40FF-4134-B524-DBAB3835AEE0}.Release|x64.ActiveCfg = Release|Any CPU
		{DD728CC0-40FF-4134-B524-DBAB3835AEE0}.Release|x64.Build.0 = Release|Any CPU
		{DD728CC0-40FF-4134-B524-DBAB3835AEE0}.Release|x86.ActiveCfg = Release|Any CPU
		{DD728CC0-40FF-4134-B524-DBAB3835AEE0}.Release|x86.Build.0 = Release|Any CPU
		{60B504E0-9C93-4AF2-A75E-82AF07BCE98D}.Debug|Any CPU.ActiveCfg = Debug|Any CPU
		{60B504E0-9C93-4AF2-A75E-82AF07BCE98D}.Debug|Any CPU.Build.0 = Debug|Any CPU
		{60B504E0-9C93-4AF2-A75E-82AF07BCE98D}.Debug|x64.ActiveCfg = Debug|Any CPU
		{60B504E0-9C93-4AF2-A75E-82AF07BCE98D}.Debug|x64.Build.0 = Debug|Any CPU
		{60B504E0-9C93-4AF2-A75E-82AF07BCE98D}.Debug|x86.ActiveCfg = Debug|Any CPU
		{60B504E0-9C93-4AF2-A75E-82AF07BCE98D}.Debug|x86.Build.0 = Debug|Any CPU
		{60B504E0-9C93-4AF2-A75E-82AF07BCE98D}.Release|Any CPU.ActiveCfg = Release|Any CPU
		{60B504E0-9C93-4AF2-A75E-82AF07BCE98D}.Release|Any CPU.Build.0 = Release|Any CPU
		{60B504E0-9C93-4AF2-A75E-82AF07BCE98D}.Release|x64.ActiveCfg = Release|Any CPU
		{60B504E0-9C93-4AF2-A75E-82AF07BCE98D}.Release|x64.Build.0 = Release|Any CPU
		{60B504E0-9C93-4AF2-A75E-82AF07BCE98D}.Release|x86.ActiveCfg = Release|Any CPU
		{60B504E0-9C93-4AF2-A75E-82AF07BCE98D}.Release|x86.Build.0 = Release|Any CPU
	EndGlobalSection
EndGlobal
