
Microsoft Visual Studio Solution File, Format Version 12.00
# Visual Studio Version 17
VisualStudioVersion = 17.0.31903.59
MinimumVisualStudioVersion = 10.0.40219.1
Project("{FAE04EC0-301F-11D3-BF4B-00C04F79EFBC}") = "WallsLOD200", "src\WallsLOD200.csproj", "{0C340FE7-F967-4DEB-BF30-8A8EF00917FB}"
EndProject
Project("{FAE04EC0-301F-11D3-BF4B-00C04F79EFBC}") = "WallsLOD200.Dependencies", "dependencies\WallsLOD200.Dependencies.csproj", "{F6919E7E-3680-4356-B0BC-01CE5F4124C5}"
EndProject
Project("{FAE04EC0-301F-11D3-BF4B-00C04F79EFBC}") = "WallsLOD200.Tests", "test\WallsLOD200.Tests.csproj", "{A23EBAE9-531C-4B47-904A-AB0E21B846DC}"
EndProject
Global
	GlobalSection(SolutionConfigurationPlatforms) = preSolution
		Debug|Any CPU = Debug|Any CPU
		Release|Any CPU = Release|Any CPU
	EndGlobalSection
	GlobalSection(SolutionProperties) = preSolution
		HideSolutionNode = FALSE
	EndGlobalSection
	GlobalSection(ProjectConfigurationPlatforms) = postSolution
		{0C340FE7-F967-4DEB-BF30-8A8EF00917FB}.Debug|Any CPU.ActiveCfg = Debug|Any CPU
		{0C340FE7-F967-4DEB-BF30-8A8EF00917FB}.Debug|Any CPU.Build.0 = Debug|Any CPU
		{0C340FE7-F967-4DEB-BF30-8A8EF00917FB}.Release|Any CPU.ActiveCfg = Release|Any CPU
		{0C340FE7-F967-4DEB-BF30-8A8EF00917FB}.Release|Any CPU.Build.0 = Release|Any CPU
		{F6919E7E-3680-4356-B0BC-01CE5F4124C5}.Debug|Any CPU.ActiveCfg = Debug|Any CPU
		{F6919E7E-3680-4356-B0BC-01CE5F4124C5}.Debug|Any CPU.Build.0 = Debug|Any CPU
		{F6919E7E-3680-4356-B0BC-01CE5F4124C5}.Release|Any CPU.ActiveCfg = Release|Any CPU
		{F6919E7E-3680-4356-B0BC-01CE5F4124C5}.Release|Any CPU.Build.0 = Release|Any CPU
		{A23EBAE9-531C-4B47-904A-AB0E21B846DC}.Debug|Any CPU.ActiveCfg = Debug|Any CPU
		{A23EBAE9-531C-4B47-904A-AB0E21B846DC}.Debug|Any CPU.Build.0 = Debug|Any CPU
		{A23EBAE9-531C-4B47-904A-AB0E21B846DC}.Release|Any CPU.ActiveCfg = Release|Any CPU
		{A23EBAE9-531C-4B47-904A-AB0E21B846DC}.Release|Any CPU.Build.0 = Release|Any CPU
	EndGlobalSection
EndGlobal
