
Microsoft Visual Studio Solution File, Format Version 12.00
# Visual Studio Version 17
VisualStudioVersion = 17.0.31903.59
MinimumVisualStudioVersion = 10.0.40219.1
Project("{FAE04EC0-301F-11D3-BF4B-00C04F79EFBC}") = "PlantEntourage", "src\PlantEntourage.csproj", "{6A9D1336-FE2E-41A2-AB02-3F4390E39876}"
EndProject
Project("{FAE04EC0-301F-11D3-BF4B-00C04F79EFBC}") = "PlantEntourage.Dependencies", "dependencies\PlantEntourage.Dependencies.csproj", "{A2428896-6761-4FFD-ACC6-C00825A239D8}"
EndProject
Project("{FAE04EC0-301F-11D3-BF4B-00C04F79EFBC}") = "PlantEntourage.Tests", "test\PlantEntourage.Tests.csproj", "{EB89EF82-512C-4CA2-93DC-4E36BAC1CAC7}"
EndProject
Global
	GlobalSection(SolutionConfigurationPlatforms) = preSolution
		Debug|Any CPU = Debug|Any CPU
		Release|Any CPU = Release|Any CPU
	EndGlobalSection
	GlobalSection(SolutionProperties) = preSolution
		HideSolutionNode = FALSE
	EndGlobalSection
	GlobalSection(ProjectConfigurationPlatforms) = postSolution
		{6A9D1336-FE2E-41A2-AB02-3F4390E39876}.Debug|Any CPU.ActiveCfg = Debug|Any CPU
		{6A9D1336-FE2E-41A2-AB02-3F4390E39876}.Debug|Any CPU.Build.0 = Debug|Any CPU
		{6A9D1336-FE2E-41A2-AB02-3F4390E39876}.Release|Any CPU.ActiveCfg = Release|Any CPU
		{6A9D1336-FE2E-41A2-AB02-3F4390E39876}.Release|Any CPU.Build.0 = Release|Any CPU
		{A2428896-6761-4FFD-ACC6-C00825A239D8}.Debug|Any CPU.ActiveCfg = Debug|Any CPU
		{A2428896-6761-4FFD-ACC6-C00825A239D8}.Debug|Any CPU.Build.0 = Debug|Any CPU
		{A2428896-6761-4FFD-ACC6-C00825A239D8}.Release|Any CPU.ActiveCfg = Release|Any CPU
		{A2428896-6761-4FFD-ACC6-C00825A239D8}.Release|Any CPU.Build.0 = Release|Any CPU
		{EB89EF82-512C-4CA2-93DC-4E36BAC1CAC7}.Debug|Any CPU.ActiveCfg = Debug|Any CPU
		{EB89EF82-512C-4CA2-93DC-4E36BAC1CAC7}.Debug|Any CPU.Build.0 = Debug|Any CPU
		{EB89EF82-512C-4CA2-93DC-4E36BAC1CAC7}.Release|Any CPU.ActiveCfg = Release|Any CPU
		{EB89EF82-512C-4CA2-93DC-4E36BAC1CAC7}.Release|Any CPU.Build.0 = Release|Any CPU
	EndGlobalSection
EndGlobal
